
Microsoft Visual Studio Solution File, Format Version 12.00
# Visual Studio Version 17
VisualStudioVersion = 17.5.33627.172
MinimumVisualStudioVersion = 10.0.40219.1
Project("{FAE04EC0-301F-11D3-BF4B-00C04F79EFBC}") = "TreatiansWeb", "TestProject101\TreatiansWeb.csproj", "{13D7288B-508E-47E1-8744-F7CC79FA537D}"
EndProject
Global
	GlobalSection(SolutionConfigurationPlatforms) = preSolution
		Debug|Any CPU = Debug|Any CPU
		Release|Any CPU = Release|Any CPU
	EndGlobalSection
	GlobalSection(ProjectConfigurationPlatforms) = postSolution
		{13D7288B-508E-47E1-8744-F7CC79FA537D}.Debug|Any CPU.ActiveCfg = Debug|Any CPU
		{13D7288B-508E-47E1-8744-F7CC79FA537D}.Debug|Any CPU.Build.0 = Debug|Any CPU
		{13D7288B-508E-47E1-8744-F7CC79FA537D}.Release|Any CPU.ActiveCfg = Release|Any CPU
		{13D7288B-508E-47E1-8744-F7CC79FA537D}.Release|Any CPU.Build.0 = Release|Any CPU
	EndGlobalSection
	GlobalSection(SolutionProperties) = preSolution
		HideSolutionNode = FALSE
	EndGlobalSection
	GlobalSection(ExtensibilityGlobals) = postSolution
		SolutionGuid = {5FFC598B-73CE-420D-BE19-305D591DDCD5}
	EndGlobalSection
EndGlobal
